PODS:
  - Bugsnag (6.1.4)
  - KeychainSwift (19.0.0)
  - Mixpanel-swift (2.7.7):
    - Mixpanel-swift/Complete (= 2.7.7)
  - Mixpanel-swift/Complete (2.7.7)
  - ObjcExceptionBridging (1.0.1):
    - ObjcExceptionBridging/ObjcExceptionBridging (= 1.0.1)
  - ObjcExceptionBridging/ObjcExceptionBridging (1.0.1)
  - XCGLogger (7.0.1):
    - XCGLogger/Core (= 7.0.1)
  - XCGLogger/Core (7.0.1):
    - ObjcExceptionBridging

DEPENDENCIES:
  - Bugsnag
  - KeychainSwift
  - Mixpanel-swift
  - XCGLogger

SPEC REPOS:
  trunk:
    - Bugsnag
    - KeychainSwift
    - Mixpanel-swift
    - ObjcExceptionBridging
    - XCGLogger

SPEC CHECKSUMS:
  Bugsnag: 955a7d5372789b4db5964a8e131ebc20e96ddd3a
  KeychainSwift: a06190cf933ad46b1e0abc3d77d29c06331715c7
  Mixpanel-swift: 3a8fb9ce791e9c64d556b9446aa470b469c6fa7d
  ObjcExceptionBridging: c30e00eb3700467e695faeea30e26e18bd445001
  XCGLogger: 1943831ef907df55108b0b18657953f868de973b

PODFILE CHECKSUM: 98488956dcc9cf942267da9e3e9af04f5970bd7b

COCOAPODS: 1.8.3
