PODS:
  - Analytics (3.6.10)
  - Bugsnag (5.22.1)
  - GoogleMaps (3.1.0):
    - GoogleMaps/Maps (= 3.1.0)
  - GoogleMaps/Base (3.1.0)
  - GoogleMaps/Maps (3.1.0):
    - GoogleMaps/Base
  - GooglePlaces (3.1.0):
    - GoogleMaps/Base (= 3.1.0)
  - KeychainSwift (16.0.1)
  - ObjcExceptionBridging (1.0.1):
    - ObjcExceptionBridging/ObjcExceptionBridging (= 1.0.1)
  - ObjcExceptionBridging/ObjcExceptionBridging (1.0.1)
  - ReachabilitySwift (4.3.1)
  - Segment-Bugsnag (1.0.3):
    - Analytics (~> 3.0)
    - Bugsnag (~> 5.0)
  - SQLite.swift (0.12.0):
    - SQLite.swift/standard (= 0.12.0)
  - SQLite.swift/standard (0.12.0)
  - XCGLogger (7.0.0):
    - XCGLogger/Core (= 7.0.0)
  - XCGLogger/Core (7.0.0):
    - ObjcExceptionBridging

DEPENDENCIES:
  - Analytics
  - GoogleMaps
  - GooglePlaces
  - KeychainSwift
  - ReachabilitySwift
  - Segment-Bugsnag
  - SQLite.swift
  - XCGLogger

SPEC REPOS:
  https://github.com/cocoapods/specs.git:
    - Analytics
    - Bugsnag
    - GoogleMaps
    - GooglePlaces
    - KeychainSwift
    - ObjcExceptionBridging
    - ReachabilitySwift
    - Segment-Bugsnag
    - SQLite.swift
    - XCGLogger

SPEC CHECKSUMS:
  Analytics: 63744ad4afa65c3bcdcdb7a94b62515bde5b3900
  Bugsnag: 699634c49b03f3fdf04a8ad6ab6470e9bcc3834b
  GoogleMaps: 5c13302e6fe6bb6e686b267196586b91cd594225
  GooglePlaces: e874db179f2675c4f3eeda0b686b540273a578b0
  KeychainSwift: 4209611373ca4a098e09b1e547eebd87c544dcc4
  ObjcExceptionBridging: c30e00eb3700467e695faeea30e26e18bd445001
  ReachabilitySwift: 4032e2f59586e11e3b0ebe15b167abdd587a388b
  Segment-Bugsnag: 9ee9635d7a5e1058a09b3e5766f69670095fbc01
  SQLite.swift: 7cad9db150a03716336e69469ec9559c85aece5b
  XCGLogger: 0434f15e3909cdc450bb63faf638b8792ab782ab

PODFILE CHECKSUM: 74204e867dda763144b6140ae316855135bf25d2

COCOAPODS: 1.5.3
