PODS:
  - Bugsnag (6.12.2)
  - KeychainSwift (19.0.0)
  - Mixpanel-swift (2.10.3):
    - Mixpanel-swift/Complete (= 2.10.3)
  - Mixpanel-swift/Complete (2.10.3)
  - ObjcExceptionBridging (1.0.1):
    - ObjcExceptionBridging/ObjcExceptionBridging (= 1.0.1)
  - ObjcExceptionBridging/ObjcExceptionBridging (1.0.1)
  - XCGLogger (7.0.1):
    - XCGLogger/Core (= 7.0.1)
  - XCGLogger/Core (7.0.1):
    - ObjcExceptionBridging

DEPENDENCIES:
  - Bugsnag
  - KeychainSwift
  - Mixpanel-swift
  - XCGLogger

SPEC REPOS:
  trunk:
    - Bugsnag
    - KeychainSwift
    - Mixpanel-swift
    - ObjcExceptionBridging
    - XCGLogger

SPEC CHECKSUMS:
  Bugsnag: f5b820bf103292472cf56df2b33691d481e8eab8
  KeychainSwift: a06190cf933ad46b1e0abc3d77d29c06331715c7
  Mixpanel-swift: 3220daad7d82ff50cf9b8c3e31efed5bad426978
  ObjcExceptionBridging: c30e00eb3700467e695faeea30e26e18bd445001
  XCGLogger: 1943831ef907df55108b0b18657953f868de973b

PODFILE CHECKSUM: 15b251975b1e6204a78b885a658091cb3a12731b

COCOAPODS: 1.10.1
