// !$*UTF8*$!
{
	archiveVersion = 1;
	classes = {
	};
	objectVersion = 53;
	objects = {

/* Begin PBXBuildFile section */
		FC5336B32488D0C900DA3033 /* WorkfinderVersionCheck.framework in Frameworks */ = {isa = PBXBuildFile; fileRef = FC5336A92488D0C900DA3033 /* WorkfinderVersionCheck.framework */; };
		FC5336BA2488D0C900DA3033 /* WorkfinderVersionCheck.h in Headers */ = {isa = PBXBuildFile; fileRef = FC5336AC2488D0C900DA3033 /* WorkfinderVersionCheck.h */; settings = {ATTRIBUTES = (Public, ); }; };
		FC5336CA2488D16B00DA3033 /* Version.swift in Sources */ = {isa = PBXBuildFile; fileRef = FC5336C42488D16B00DA3033 /* Version.swift */; };
		FC5336CB2488D16B00DA3033 /* WorkfinderVersionChecker.swift in Sources */ = {isa = PBXBuildFile; fileRef = FC5336C52488D16B00DA3033 /* WorkfinderVersionChecker.swift */; };
		FC5336CC2488D16B00DA3033 /* VersionCheckService.swift in Sources */ = {isa = PBXBuildFile; fileRef = FC5336C62488D16B00DA3033 /* VersionCheckService.swift */; };
		FC5336CD2488D16B00DA3033 /* VersionCheckResult.swift in Sources */ = {isa = PBXBuildFile; fileRef = FC5336C72488D16B00DA3033 /* VersionCheckResult.swift */; };
		FC5336CE2488D16B00DA3033 /* ForceEnvironmentSwitchViewController.swift in Sources */ = {isa = PBXBuildFile; fileRef = FC5336C82488D16B00DA3033 /* ForceEnvironmentSwitchViewController.swift */; };
		FC5336CF2488D16B00DA3033 /* ForceAppUpdateViewController.swift in Sources */ = {isa = PBXBuildFile; fileRef = FC5336C92488D16B00DA3033 /* ForceAppUpdateViewController.swift */; };
		FC5336D32488D1B600DA3033 /* VersionTests.swift in Sources */ = {isa = PBXBuildFile; fileRef = FC5336D12488D1B500DA3033 /* VersionTests.swift */; };
		FC5336D42488D1B600DA3033 /* WorkfinderVersionCheckerTests.swift in Sources */ = {isa = PBXBuildFile; fileRef = FC5336D22488D1B600DA3033 /* WorkfinderVersionCheckerTests.swift */; };
		FC5336D72488D22A00DA3033 /* WorkfinderCommon.framework in Frameworks */ = {isa = PBXBuildFile; fileRef = FC5336D62488D22A00DA3033 /* WorkfinderCommon.framework */; };
		FC5336DC2488D24200DA3033 /* WorkfinderServices.framework in Frameworks */ = {isa = PBXBuildFile; fileRef = FC5336DA2488D24200DA3033 /* WorkfinderServices.framework */; };
		FC5336DE2488D24200DA3033 /* WorkfinderUI.framework in Frameworks */ = {isa = PBXBuildFile; fileRef = FC5336DB2488D24200DA3033 /* WorkfinderUI.framework */; };
/* End PBXBuildFile section */

/* Begin PBXContainerItemProxy section */
		FC5336B42488D0C900DA3033 /* PBXContainerItemProxy */ = {
			isa = PBXContainerItemProxy;
			containerPortal = FC5336A02488D0C900DA3033 /* Project object */;
			proxyType = 1;
			remoteGlobalIDString = FC5336A82488D0C900DA3033;
			remoteInfo = WorkfinderVersionCheck;
		};
/* End PBXContainerItemProxy section */

/* Begin PBXFileReference section */
		FC5336A92488D0C900DA3033 /* WorkfinderVersionCheck.framework */ = {isa = PBXFileReference; explicitFileType = wrapper.framework; includeInIndex = 0; path = WorkfinderVersionCheck.framework; sourceTree = BUILT_PRODUCTS_DIR; };
		FC5336AC2488D0C900DA3033 /* WorkfinderVersionCheck.h */ = {isa = PBXFileReference; lastKnownFileType = sourcecode.c.h; path = WorkfinderVersionCheck.h; sourceTree = "<group>"; };
		FC5336AD2488D0C900DA3033 /* Info.plist */ = {isa = PBXFileReference; lastKnownFileType = text.plist.xml; path = Info.plist; sourceTree = "<group>"; };
		FC5336B22488D0C900DA3033 /* WorkfinderVersionCheckTests.xctest */ = {isa = PBXFileReference; explicitFileType = wrapper.cfbundle; includeInIndex = 0; path = WorkfinderVersionCheckTests.xctest; sourceTree = BUILT_PRODUCTS_DIR; };
		FC5336B92488D0C900DA3033 /* Info.plist */ = {isa = PBXFileReference; lastKnownFileType = text.plist.xml; path = Info.plist; sourceTree = "<group>"; };
		FC5336C42488D16B00DA3033 /* Version.swift */ = {isa = PBXFileReference; fileEncoding = 4; lastKnownFileType = sourcecode.swift; path = Version.swift; sourceTree = "<group>"; };
		FC5336C52488D16B00DA3033 /* WorkfinderVersionChecker.swift */ = {isa = PBXFileReference; fileEncoding = 4; lastKnownFileType = sourcecode.swift; path = WorkfinderVersionChecker.swift; sourceTree = "<group>"; };
		FC5336C62488D16B00DA3033 /* VersionCheckService.swift */ = {isa = PBXFileReference; fileEncoding = 4; lastKnownFileType = sourcecode.swift; path = VersionCheckService.swift; sourceTree = "<group>"; };
		FC5336C72488D16B00DA3033 /* VersionCheckResult.swift */ = {isa = PBXFileReference; fileEncoding = 4; lastKnownFileType = sourcecode.swift; path = VersionCheckResult.swift; sourceTree = "<group>"; };
		FC5336C82488D16B00DA3033 /* ForceEnvironmentSwitchViewController.swift */ = {isa = PBXFileReference; fileEncoding = 4; lastKnownFileType = sourcecode.swift; path = ForceEnvironmentSwitchViewController.swift; sourceTree = "<group>"; };
		FC5336C92488D16B00DA3033 /* ForceAppUpdateViewController.swift */ = {isa = PBXFileReference; fileEncoding = 4; lastKnownFileType = sourcecode.swift; path = ForceAppUpdateViewController.swift; sourceTree = "<group>"; };
		FC5336D02488D1B500DA3033 /* WorkfinderVersionCheckTests-Bridging-Header.h */ = {isa = PBXFileReference; lastKnownFileType = sourcecode.c.h; path = "WorkfinderVersionCheckTests-Bridging-Header.h"; sourceTree = "<group>"; };
		FC5336D12488D1B500DA3033 /* VersionTests.swift */ = {isa = PBXFileReference; fileEncoding = 4; lastKnownFileType = sourcecode.swift; path = VersionTests.swift; sourceTree = "<group>"; };
		FC5336D22488D1B600DA3033 /* WorkfinderVersionCheckerTests.swift */ = {isa = PBXFileReference; fileEncoding = 4; lastKnownFileType = sourcecode.swift; path = WorkfinderVersionCheckerTests.swift; sourceTree = "<group>"; };
		FC5336D62488D22A00DA3033 /* WorkfinderCommon.framework */ = {isa = PBXFileReference; explicitFileType = wrapper.framework; path = WorkfinderCommon.framework; sourceTree = BUILT_PRODUCTS_DIR; };
		FC5336DA2488D24200DA3033 /* WorkfinderServices.framework */ = {isa = PBXFileReference; explicitFileType = wrapper.framework; path = WorkfinderServices.framework; sourceTree = BUILT_PRODUCTS_DIR; };
		FC5336DB2488D24200DA3033 /* WorkfinderUI.framework */ = {isa = PBXFileReference; explicitFileType = wrapper.framework; path = WorkfinderUI.framework; sourceTree = BUILT_PRODUCTS_DIR; };
/* End PBXFileReference section */

/* Begin PBXFrameworksBuildPhase section */
		FC5336A62488D0C900DA3033 /* Frameworks */ = {
			isa = PBXFrameworksBuildPhase;
			buildActionMask = 2147483647;
			files = (
				FC5336DE2488D24200DA3033 /* WorkfinderUI.framework in Frameworks */,
				FC5336D72488D22A00DA3033 /* WorkfinderCommon.framework in Frameworks */,
				FC5336DC2488D24200DA3033 /* WorkfinderServices.framework in Frameworks */,
			);
			runOnlyForDeploymentPostprocessing = 0;
		};
		FC5336AF2488D0C900DA3033 /* Frameworks */ = {
			isa = PBXFrameworksBuildPhase;
			buildActionMask = 2147483647;
			files = (
				FC5336B32488D0C900DA3033 /* WorkfinderVersionCheck.framework in Frameworks */,
			);
			runOnlyForDeploymentPostprocessing = 0;
		};
/* End PBXFrameworksBuildPhase section */

/* Begin PBXGroup section */
		FC53369F2488D0C900DA3033 = {
			isa = PBXGroup;
			children = (
				FC5336AB2488D0C900DA3033 /* WorkfinderVersionCheck */,
				FC5336B62488D0C900DA3033 /* WorkfinderVersionCheckTests */,
				FC5336AA2488D0C900DA3033 /* Products */,
				FC5336D52488D22A00DA3033 /* Frameworks */,
			);
			sourceTree = "<group>";
		};
		FC5336AA2488D0C900DA3033 /* Products */ = {
			isa = PBXGroup;
			children = (
				FC5336A92488D0C900DA3033 /* WorkfinderVersionCheck.framework */,
				FC5336B22488D0C900DA3033 /* WorkfinderVersionCheckTests.xctest */,
			);
			name = Products;
			sourceTree = "<group>";
		};
		FC5336AB2488D0C900DA3033 /* WorkfinderVersionCheck */ = {
			isa = PBXGroup;
			children = (
				FC5336C32488D12400DA3033 /* source */,
				FC5336AC2488D0C900DA3033 /* WorkfinderVersionCheck.h */,
				FC5336AD2488D0C900DA3033 /* Info.plist */,
			);
			path = WorkfinderVersionCheck;
			sourceTree = "<group>";
		};
		FC5336B62488D0C900DA3033 /* WorkfinderVersionCheckTests */ = {
			isa = PBXGroup;
			children = (
				FC5336D12488D1B500DA3033 /* VersionTests.swift */,
				FC5336D22488D1B600DA3033 /* WorkfinderVersionCheckerTests.swift */,
				FC5336B92488D0C900DA3033 /* Info.plist */,
				FC5336D02488D1B500DA3033 /* WorkfinderVersionCheckTests-Bridging-Header.h */,
			);
			path = WorkfinderVersionCheckTests;
			sourceTree = "<group>";
		};
		FC5336C32488D12400DA3033 /* source */ = {
			isa = PBXGroup;
			children = (
				FC5336C92488D16B00DA3033 /* ForceAppUpdateViewController.swift */,
				FC5336C82488D16B00DA3033 /* ForceEnvironmentSwitchViewController.swift */,
				FC5336C42488D16B00DA3033 /* Version.swift */,
				FC5336C72488D16B00DA3033 /* VersionCheckResult.swift */,
				FC5336C62488D16B00DA3033 /* VersionCheckService.swift */,
				FC5336C52488D16B00DA3033 /* WorkfinderVersionChecker.swift */,
			);
			path = source;
			sourceTree = "<group>";
		};
		FC5336D52488D22A00DA3033 /* Frameworks */ = {
			isa = PBXGroup;
			children = (
				FC5336DA2488D24200DA3033 /* WorkfinderServices.framework */,
				FC5336DB2488D24200DA3033 /* WorkfinderUI.framework */,
				FC5336D62488D22A00DA3033 /* WorkfinderCommon.framework */,
			);
			name = Frameworks;
			sourceTree = "<group>";
		};
/* End PBXGroup section */

/* Begin PBXHeadersBuildPhase section */
		FC5336A42488D0C900DA3033 /* Headers */ = {
			isa = PBXHeadersBuildPhase;
			buildActionMask = 2147483647;
			files = (
				FC5336BA2488D0C900DA3033 /* WorkfinderVersionCheck.h in Headers */,
			);
			runOnlyForDeploymentPostprocessing = 0;
		};
/* End PBXHeadersBuildPhase section */

/* Begin PBXNativeTarget section */
		FC5336A82488D0C900DA3033 /* WorkfinderVersionCheck */ = {
			isa = PBXNativeTarget;
			buildConfigurationList = FC5336BD2488D0C900DA3033 /* Build configuration list for PBXNativeTarget "WorkfinderVersionCheck" */;
			buildPhases = (
				FC5336A42488D0C900DA3033 /* Headers */,
				FC5336A52488D0C900DA3033 /* Sources */,
				FC5336A62488D0C900DA3033 /* Frameworks */,
				FC5336A72488D0C900DA3033 /* Resources */,
			);
			buildRules = (
			);
			dependencies = (
			);
			name = WorkfinderVersionCheck;
			productName = WorkfinderVersionCheck;
			productReference = FC5336A92488D0C900DA3033 /* WorkfinderVersionCheck.framework */;
			productType = "com.apple.product-type.framework";
		};
		FC5336B12488D0C900DA3033 /* WorkfinderVersionCheckTests */ = {
			isa = PBXNativeTarget;
			buildConfigurationList = FC5336C02488D0C900DA3033 /* Build configuration list for PBXNativeTarget "WorkfinderVersionCheckTests" */;
			buildPhases = (
				FC5336AE2488D0C900DA3033 /* Sources */,
				FC5336AF2488D0C900DA3033 /* Frameworks */,
				FC5336B02488D0C900DA3033 /* Resources */,
			);
			buildRules = (
			);
			dependencies = (
				FC5336B52488D0C900DA3033 /* PBXTargetDependency */,
			);
			name = WorkfinderVersionCheckTests;
			productName = WorkfinderVersionCheckTests;
			productReference = FC5336B22488D0C900DA3033 /* WorkfinderVersionCheckTests.xctest */;
			productType = "com.apple.product-type.bundle.unit-test";
		};
/* End PBXNativeTarget section */

/* Begin PBXProject section */
		FC5336A02488D0C900DA3033 /* Project object */ = {
			isa = PBXProject;
			attributes = {
				LastSwiftUpdateCheck = 1150;
				LastUpgradeCheck = 1150;
				ORGANIZATIONNAME = Workfinder;
				TargetAttributes = {
					FC5336A82488D0C900DA3033 = {
						CreatedOnToolsVersion = 11.5;
						LastSwiftMigration = 1150;
					};
					FC5336B12488D0C900DA3033 = {
						CreatedOnToolsVersion = 11.5;
						LastSwiftMigration = 1150;
					};
				};
			};
			buildConfigurationList = FC5336A32488D0C900DA3033 /* Build configuration list for PBXProject "WorkfinderVersionCheck" */;
			compatibilityVersion = "Xcode 11.4";
			developmentRegion = en;
			hasScannedForEncodings = 0;
			knownRegions = (
				en,
				Base,
			);
			mainGroup = FC53369F2488D0C900DA3033;
			productRefGroup = FC5336AA2488D0C900DA3033 /* Products */;
			projectDirPath = "";
			projectRoot = "";
			targets = (
				FC5336A82488D0C900DA3033 /* WorkfinderVersionCheck */,
				FC5336B12488D0C900DA3033 /* WorkfinderVersionCheckTests */,
			);
		};
/* End PBXProject section */

/* Begin PBXResourcesBuildPhase section */
		FC5336A72488D0C900DA3033 /* Resources */ = {
			isa = PBXResourcesBuildPhase;
			buildActionMask = 2147483647;
			files = (
			);
			runOnlyForDeploymentPostprocessing = 0;
		};
		FC5336B02488D0C900DA3033 /* Resources */ = {
			isa = PBXResourcesBuildPhase;
			buildActionMask = 2147483647;
			files = (
			);
			runOnlyForDeploymentPostprocessing = 0;
		};
/* End PBXResourcesBuildPhase section */

/* Begin PBXSourcesBuildPhase section */
		FC5336A52488D0C900DA3033 /* Sources */ = {
			isa = PBXSourcesBuildPhase;
			buildActionMask = 2147483647;
			files = (
				FC5336CA2488D16B00DA3033 /* Version.swift in Sources */,
				FC5336CC2488D16B00DA3033 /* VersionCheckService.swift in Sources */,
				FC5336CD2488D16B00DA3033 /* VersionCheckResult.swift in Sources */,
				FC5336CF2488D16B00DA3033 /* ForceAppUpdateViewController.swift in Sources */,
				FC5336CE2488D16B00DA3033 /* ForceEnvironmentSwitchViewController.swift in Sources */,
				FC5336CB2488D16B00DA3033 /* WorkfinderVersionChecker.swift in Sources */,
			);
			runOnlyForDeploymentPostprocessing = 0;
		};
		FC5336AE2488D0C900DA3033 /* Sources */ = {
			isa = PBXSourcesBuildPhase;
			buildActionMask = 2147483647;
			files = (
				FC5336D32488D1B600DA3033 /* VersionTests.swift in Sources */,
				FC5336D42488D1B600DA3033 /* WorkfinderVersionCheckerTests.swift in Sources */,
			);
			runOnlyForDeploymentPostprocessing = 0;
		};
/* End PBXSourcesBuildPhase section */

/* Begin PBXTargetDependency section */
		FC5336B52488D0C900DA3033 /* PBXTargetDependency */ = {
			isa = PBXTargetDependency;
			target = FC5336A82488D0C900DA3033 /* WorkfinderVersionCheck */;
			targetProxy = FC5336B42488D0C900DA3033 /* PBXContainerItemProxy */;
		};
/* End PBXTargetDependency section */

/* Begin XCBuildConfiguration section */
		FC5336BB2488D0C900DA3033 /* Debug */ = {
			isa = XCBuildConfiguration;
			buildSettings = {
				ALWAYS_SEARCH_USER_PATHS = NO;
				CLANG_ANALYZER_NONNULL = YES;
				CLANG_ANALYZER_NUMBER_OBJECT_CONVERSION = YES_AGGRESSIVE;
				CLANG_CXX_LANGUAGE_STANDARD = "gnu++14";
				CLANG_CXX_LIBRARY = "libc++";
				CLANG_ENABLE_MODULES = YES;
				CLANG_ENABLE_OBJC_ARC = YES;
				CLANG_ENABLE_OBJC_WEAK = YES;
				CLANG_WARN_BLOCK_CAPTURE_AUTORELEASING = YES;
				CLANG_WARN_BOOL_CONVERSION = YES;
				CLANG_WARN_COMMA = YES;
				CLANG_WARN_CONSTANT_CONVERSION = YES;
				CLANG_WARN_DEPRECATED_OBJC_IMPLEMENTATIONS = YES;
				CLANG_WARN_DIRECT_OBJC_ISA_USAGE = YES_ERROR;
				CLANG_WARN_DOCUMENTATION_COMMENTS = YES;
				CLANG_WARN_EMPTY_BODY = YES;
				CLANG_WARN_ENUM_CONVERSION = YES;
				CLANG_WARN_INFINITE_RECURSION = YES;
				CLANG_WARN_INT_CONVERSION = YES;
				CLANG_WARN_NON_LITERAL_NULL_CONVERSION = YES;
				CLANG_WARN_OBJC_IMPLICIT_RETAIN_SELF = YES;
				CLANG_WARN_OBJC_LITERAL_CONVERSION = YES;
				CLANG_WARN_OBJC_ROOT_CLASS = YES_ERROR;
				CLANG_WARN_RANGE_LOOP_ANALYSIS = YES;
				CLANG_WARN_STRICT_PROTOTYPES = YES;
				CLANG_WARN_SUSPICIOUS_MOVE = YES;
				CLANG_WARN_UNGUARDED_AVAILABILITY = YES_AGGRESSIVE;
				CLANG_WARN_UNREACHABLE_CODE = YES;
				CLANG_WARN__DUPLICATE_METHOD_MATCH = YES;
				COPY_PHASE_STRIP = NO;
				CURRENT_PROJECT_VERSION = 1;
				DEBUG_INFORMATION_FORMAT = dwarf;
				ENABLE_STRICT_OBJC_MSGSEND = YES;
				ENABLE_TESTABILITY = YES;
				GCC_C_LANGUAGE_STANDARD = gnu11;
				GCC_DYNAMIC_NO_PIC = NO;
				GCC_NO_COMMON_BLOCKS = YES;
				GCC_OPTIMIZATION_LEVEL = 0;
				GCC_PREPROCESSOR_DEFINITIONS = (
					"DEBUG=1",
					"$(inherited)",
				);
				GCC_WARN_64_TO_32_BIT_CONVERSION = YES;
				GCC_WARN_ABOUT_RETURN_TYPE = YES_ERROR;
				GCC_WARN_UNDECLARED_SELECTOR = YES;
				GCC_WARN_UNINITIALIZED_AUTOS = YES_AGGRESSIVE;
				GCC_WARN_UNUSED_FUNCTION = YES;
				GCC_WARN_UNUSED_VARIABLE = YES;
				IPHONEOS_DEPLOYMENT_TARGET = 12.2;
				MTL_ENABLE_DEBUG_INFO = INCLUDE_SOURCE;
				MTL_FAST_MATH = YES;
				ONLY_ACTIVE_ARCH = YES;
				SDKROOT = iphoneos;
				SWIFT_ACTIVE_COMPILATION_CONDITIONS = DEBUG;
				SWIFT_OPTIMIZATION_LEVEL = "-Onone";
				VERSIONING_SYSTEM = "apple-generic";
				VERSION_INFO_PREFIX = "";
			};
			name = Debug;
		};
		FC5336BC2488D0C900DA3033 /* Release */ = {
			isa = XCBuildConfiguration;
			buildSettings = {
				ALWAYS_SEARCH_USER_PATHS = NO;
				CLANG_ANALYZER_NONNULL = YES;
				CLANG_ANALYZER_NUMBER_OBJECT_CONVERSION = YES_AGGRESSIVE;
				CLANG_CXX_LANGUAGE_STANDARD = "gnu++14";
				CLANG_CXX_LIBRARY = "libc++";
				CLANG_ENABLE_MODULES = YES;
				CLANG_ENABLE_OBJC_ARC = YES;
				CLANG_ENABLE_OBJC_WEAK = YES;
				CLANG_WARN_BLOCK_CAPTURE_AUTORELEASING = YES;
				CLANG_WARN_BOOL_CONVERSION = YES;
				CLANG_WARN_COMMA = YES;
				CLANG_WARN_CONSTANT_CONVERSION = YES;
				CLANG_WARN_DEPRECATED_OBJC_IMPLEMENTATIONS = YES;
				CLANG_WARN_DIRECT_OBJC_ISA_USAGE = YES_ERROR;
				CLANG_WARN_DOCUMENTATION_COMMENTS = YES;
				CLANG_WARN_EMPTY_BODY = YES;
				CLANG_WARN_ENUM_CONVERSION = YES;
				CLANG_WARN_INFINITE_RECURSION = YES;
				CLANG_WARN_INT_CONVERSION = YES;
				CLANG_WARN_NON_LITERAL_NULL_CONVERSION = YES;
				CLANG_WARN_OBJC_IMPLICIT_RETAIN_SELF = YES;
				CLANG_WARN_OBJC_LITERAL_CONVERSION = YES;
				CLANG_WARN_OBJC_ROOT_CLASS = YES_ERROR;
				CLANG_WARN_RANGE_LOOP_ANALYSIS = YES;
				CLANG_WARN_STRICT_PROTOTYPES = YES;
				CLANG_WARN_SUSPICIOUS_MOVE = YES;
				CLANG_WARN_UNGUARDED_AVAILABILITY = YES_AGGRESSIVE;
				CLANG_WARN_UNREACHABLE_CODE = YES;
				CLANG_WARN__DUPLICATE_METHOD_MATCH = YES;
				COPY_PHASE_STRIP = NO;
				CURRENT_PROJECT_VERSION = 1;
				DEBUG_INFORMATION_FORMAT = "dwarf-with-dsym";
				ENABLE_NS_ASSERTIONS = NO;
				ENABLE_STRICT_OBJC_MSGSEND = YES;
				GCC_C_LANGUAGE_STANDARD = gnu11;
				GCC_NO_COMMON_BLOCKS = YES;
				GCC_WARN_64_TO_32_BIT_CONVERSION = YES;
				GCC_WARN_ABOUT_RETURN_TYPE = YES_ERROR;
				GCC_WARN_UNDECLARED_SELECTOR = YES;
				GCC_WARN_UNINITIALIZED_AUTOS = YES_AGGRESSIVE;
				GCC_WARN_UNUSED_FUNCTION = YES;
				GCC_WARN_UNUSED_VARIABLE = YES;
				IPHONEOS_DEPLOYMENT_TARGET = 12.2;
				MTL_ENABLE_DEBUG_INFO = NO;
				MTL_FAST_MATH = YES;
				SDKROOT = iphoneos;
				SWIFT_COMPILATION_MODE = wholemodule;
				SWIFT_OPTIMIZATION_LEVEL = "-O";
				VALIDATE_PRODUCT = YES;
				VERSIONING_SYSTEM = "apple-generic";
				VERSION_INFO_PREFIX = "";
			};
			name = Release;
		};
		FC5336BE2488D0C900DA3033 /* Debug */ = {
			isa = XCBuildConfiguration;
			buildSettings = {
				CLANG_ENABLE_MODULES = YES;
				CODE_SIGN_STYLE = Automatic;
				DEFINES_MODULE = YES;
				DEVELOPMENT_TEAM = YB7C23CK6Q;
				DYLIB_COMPATIBILITY_VERSION = 1;
				DYLIB_CURRENT_VERSION = 1;
				DYLIB_INSTALL_NAME_BASE = "@rpath";
				INFOPLIST_FILE = WorkfinderVersionCheck/Info.plist;
				INSTALL_PATH = "$(LOCAL_LIBRARY_DIR)/Frameworks";
				LD_RUNPATH_SEARCH_PATHS = (
					"$(inherited)",
					"@executable_path/Frameworks",
					"@loader_path/Frameworks",
				);
				PRODUCT_BUNDLE_IDENTIFIER = com.workfinder.WorkfinderVersionCheck;
				PRODUCT_NAME = "$(TARGET_NAME:c99extidentifier)";
				SKIP_INSTALL = YES;
				SUPPORTS_MACCATALYST = NO;
				SWIFT_OPTIMIZATION_LEVEL = "-Onone";
				SWIFT_VERSION = 5.0;
				TARGETED_DEVICE_FAMILY = 1;
			};
			name = Debug;
		};
		FC5336BF2488D0C900DA3033 /* Release */ = {
			isa = XCBuildConfiguration;
			buildSettings = {
				CLANG_ENABLE_MODULES = YES;
				CODE_SIGN_STYLE = Automatic;
				DEFINES_MODULE = YES;
				DEVELOPMENT_TEAM = YB7C23CK6Q;
				DYLIB_COMPATIBILITY_VERSION = 1;
				DYLIB_CURRENT_VERSION = 1;
				DYLIB_INSTALL_NAME_BASE = "@rpath";
				INFOPLIST_FILE = WorkfinderVersionCheck/Info.plist;
				INSTALL_PATH = "$(LOCAL_LIBRARY_DIR)/Frameworks";
				LD_RUNPATH_SEARCH_PATHS = (
					"$(inherited)",
					"@executable_path/Frameworks",
					"@loader_path/Frameworks",
				);
				PRODUCT_BUNDLE_IDENTIFIER = com.workfinder.WorkfinderVersionCheck;
				PRODUCT_NAME = "$(TARGET_NAME:c99extidentifier)";
				SKIP_INSTALL = YES;
				SUPPORTS_MACCATALYST = NO;
				SWIFT_VERSION = 5.0;
				TARGETED_DEVICE_FAMILY = 1;
			};
			name = Release;
		};
		FC5336C12488D0C900DA3033 /* Debug */ = {
			isa = XCBuildConfiguration;
			buildSettings = {
				ALWAYS_EMBED_SWIFT_STANDARD_LIBRARIES = YES;
				CLANG_ENABLE_MODULES = YES;
				CODE_SIGN_STYLE = Automatic;
				DEVELOPMENT_TEAM = YB7C23CK6Q;
				INFOPLIST_FILE = WorkfinderVersionCheckTests/Info.plist;
				LD_RUNPATH_SEARCH_PATHS = (
					"$(inherited)",
					"@executable_path/Frameworks",
					"@loader_path/Frameworks",
				);
				PRODUCT_BUNDLE_IDENTIFIER = com.workfinder.WorkfinderVersionCheckTests;
				PRODUCT_NAME = "$(TARGET_NAME)";
				SWIFT_OBJC_BRIDGING_HEADER = "WorkfinderVersionCheckTests/WorkfinderVersionCheckTests-Bridging-Header.h";
				SWIFT_OPTIMIZATION_LEVEL = "-Onone";
				SWIFT_VERSION = 5.0;
				TARGETED_DEVICE_FAMILY = "1,2";
			};
			name = Debug;
		};
		FC5336C22488D0C900DA3033 /* Release */ = {
			isa = XCBuildConfiguration;
			buildSettings = {
				ALWAYS_EMBED_SWIFT_STANDARD_LIBRARIES = YES;
				CLANG_ENABLE_MODULES = YES;
				CODE_SIGN_STYLE = Automatic;
				DEVELOPMENT_TEAM = YB7C23CK6Q;
				INFOPLIST_FILE = WorkfinderVersionCheckTests/Info.plist;
				LD_RUNPATH_SEARCH_PATHS = (
					"$(inherited)",
					"@executable_path/Frameworks",
					"@loader_path/Frameworks",
				);
				PRODUCT_BUNDLE_IDENTIFIER = com.workfinder.WorkfinderVersionCheckTests;
				PRODUCT_NAME = "$(TARGET_NAME)";
				SWIFT_OBJC_BRIDGING_HEADER = "WorkfinderVersionCheckTests/WorkfinderVersionCheckTests-Bridging-Header.h";
				SWIFT_VERSION = 5.0;
				TARGETED_DEVICE_FAMILY = "1,2";
			};
			name = Release;
		};
		FC5336E12488D2E100DA3033 /* DebugF4S */ = {
			isa = XCBuildConfiguration;
			buildSettings = {
				ALWAYS_SEARCH_USER_PATHS = NO;
				CLANG_ANALYZER_NONNULL = YES;
				CLANG_ANALYZER_NUMBER_OBJECT_CONVERSION = YES_AGGRESSIVE;
				CLANG_CXX_LANGUAGE_STANDARD = "gnu++14";
				CLANG_CXX_LIBRARY = "libc++";
				CLANG_ENABLE_MODULES = YES;
				CLANG_ENABLE_OBJC_ARC = YES;
				CLANG_ENABLE_OBJC_WEAK = YES;
				CLANG_WARN_BLOCK_CAPTURE_AUTORELEASING = YES;
				CLANG_WARN_BOOL_CONVERSION = YES;
				CLANG_WARN_COMMA = YES;
				CLANG_WARN_CONSTANT_CONVERSION = YES;
				CLANG_WARN_DEPRECATED_OBJC_IMPLEMENTATIONS = YES;
				CLANG_WARN_DIRECT_OBJC_ISA_USAGE = YES_ERROR;
				CLANG_WARN_DOCUMENTATION_COMMENTS = YES;
				CLANG_WARN_EMPTY_BODY = YES;
				CLANG_WARN_ENUM_CONVERSION = YES;
				CLANG_WARN_INFINITE_RECURSION = YES;
				CLANG_WARN_INT_CONVERSION = YES;
				CLANG_WARN_NON_LITERAL_NULL_CONVERSION = YES;
				CLANG_WARN_OBJC_IMPLICIT_RETAIN_SELF = YES;
				CLANG_WARN_OBJC_LITERAL_CONVERSION = YES;
				CLANG_WARN_OBJC_ROOT_CLASS = YES_ERROR;
				CLANG_WARN_RANGE_LOOP_ANALYSIS = YES;
				CLANG_WARN_STRICT_PROTOTYPES = YES;
				CLANG_WARN_SUSPICIOUS_MOVE = YES;
				CLANG_WARN_UNGUARDED_AVAILABILITY = YES_AGGRESSIVE;
				CLANG_WARN_UNREACHABLE_CODE = YES;
				CLANG_WARN__DUPLICATE_METHOD_MATCH = YES;
				COPY_PHASE_STRIP = NO;
				CURRENT_PROJECT_VERSION = 1;
				DEBUG_INFORMATION_FORMAT = dwarf;
				ENABLE_STRICT_OBJC_MSGSEND = YES;
				ENABLE_TESTABILITY = YES;
				GCC_C_LANGUAGE_STANDARD = gnu11;
				GCC_DYNAMIC_NO_PIC = NO;
				GCC_NO_COMMON_BLOCKS = YES;
				GCC_OPTIMIZATION_LEVEL = 0;
				GCC_PREPROCESSOR_DEFINITIONS = (
					"DEBUG=1",
					"$(inherited)",
				);
				GCC_WARN_64_TO_32_BIT_CONVERSION = YES;
				GCC_WARN_ABOUT_RETURN_TYPE = YES_ERROR;
				GCC_WARN_UNDECLARED_SELECTOR = YES;
				GCC_WARN_UNINITIALIZED_AUTOS = YES_AGGRESSIVE;
				GCC_WARN_UNUSED_FUNCTION = YES;
				GCC_WARN_UNUSED_VARIABLE = YES;
				IPHONEOS_DEPLOYMENT_TARGET = 12.2;
				MTL_ENABLE_DEBUG_INFO = INCLUDE_SOURCE;
				MTL_FAST_MATH = YES;
				ONLY_ACTIVE_ARCH = YES;
				SDKROOT = iphoneos;
				SWIFT_ACTIVE_COMPILATION_CONDITIONS = DEBUG;
				SWIFT_OPTIMIZATION_LEVEL = "-Onone";
				VERSIONING_SYSTEM = "apple-generic";
				VERSION_INFO_PREFIX = "";
			};
			name = DebugF4S;
		};
		FC5336E22488D2E100DA3033 /* DebugF4S */ = {
			isa = XCBuildConfiguration;
			buildSettings = {
				CLANG_ENABLE_MODULES = YES;
				CODE_SIGN_STYLE = Automatic;
				DEFINES_MODULE = YES;
				DEVELOPMENT_TEAM = YB7C23CK6Q;
				DYLIB_COMPATIBILITY_VERSION = 1;
				DYLIB_CURRENT_VERSION = 1;
				DYLIB_INSTALL_NAME_BASE = "@rpath";
				INFOPLIST_FILE = WorkfinderVersionCheck/Info.plist;
				INSTALL_PATH = "$(LOCAL_LIBRARY_DIR)/Frameworks";
				LD_RUNPATH_SEARCH_PATHS = (
					"$(inherited)",
					"@executable_path/Frameworks",
					"@loader_path/Frameworks",
				);
				PRODUCT_BUNDLE_IDENTIFIER = com.workfinder.WorkfinderVersionCheck;
				PRODUCT_NAME = "$(TARGET_NAME:c99extidentifier)";
				SKIP_INSTALL = YES;
				SUPPORTS_MACCATALYST = NO;
				SWIFT_OPTIMIZATION_LEVEL = "-Onone";
				SWIFT_VERSION = 5.0;
				TARGETED_DEVICE_FAMILY = 1;
			};
			name = DebugF4S;
		};
		FC5336E32488D2E100DA3033 /* DebugF4S */ = {
			isa = XCBuildConfiguration;
			buildSettings = {
				ALWAYS_EMBED_SWIFT_STANDARD_LIBRARIES = YES;
				CLANG_ENABLE_MODULES = YES;
				CODE_SIGN_STYLE = Automatic;
				DEVELOPMENT_TEAM = YB7C23CK6Q;
				INFOPLIST_FILE = WorkfinderVersionCheckTests/Info.plist;
				LD_RUNPATH_SEARCH_PATHS = (
					"$(inherited)",
					"@executable_path/Frameworks",
					"@loader_path/Frameworks",
				);
				PRODUCT_BUNDLE_IDENTIFIER = com.workfinder.WorkfinderVersionCheckTests;
				PRODUCT_NAME = "$(TARGET_NAME)";
				SWIFT_OBJC_BRIDGING_HEADER = "WorkfinderVersionCheckTests/WorkfinderVersionCheckTests-Bridging-Header.h";
				SWIFT_OPTIMIZATION_LEVEL = "-Onone";
				SWIFT_VERSION = 5.0;
				TARGETED_DEVICE_FAMILY = "1,2";
			};
			name = DebugF4S;
		};
		FC5336E42488D2F300DA3033 /* DebugF4SLive */ = {
			isa = XCBuildConfiguration;
			buildSettings = {
				ALWAYS_SEARCH_USER_PATHS = NO;
				CLANG_ANALYZER_NONNULL = YES;
				CLANG_ANALYZER_NUMBER_OBJECT_CONVERSION = YES_AGGRESSIVE;
				CLANG_CXX_LANGUAGE_STANDARD = "gnu++14";
				CLANG_CXX_LIBRARY = "libc++";
				CLANG_ENABLE_MODULES = YES;
				CLANG_ENABLE_OBJC_ARC = YES;
				CLANG_ENABLE_OBJC_WEAK = YES;
				CLANG_WARN_BLOCK_CAPTURE_AUTORELEASING = YES;
				CLANG_WARN_BOOL_CONVERSION = YES;
				CLANG_WARN_COMMA = YES;
				CLANG_WARN_CONSTANT_CONVERSION = YES;
				CLANG_WARN_DEPRECATED_OBJC_IMPLEMENTATIONS = YES;
				CLANG_WARN_DIRECT_OBJC_ISA_USAGE = YES_ERROR;
				CLANG_WARN_DOCUMENTATION_COMMENTS = YES;
				CLANG_WARN_EMPTY_BODY = YES;
				CLANG_WARN_ENUM_CONVERSION = YES;
				CLANG_WARN_INFINITE_RECURSION = YES;
				CLANG_WARN_INT_CONVERSION = YES;
				CLANG_WARN_NON_LITERAL_NULL_CONVERSION = YES;
				CLANG_WARN_OBJC_IMPLICIT_RETAIN_SELF = YES;
				CLANG_WARN_OBJC_LITERAL_CONVERSION = YES;
				CLANG_WARN_OBJC_ROOT_CLASS = YES_ERROR;
				CLANG_WARN_RANGE_LOOP_ANALYSIS = YES;
				CLANG_WARN_STRICT_PROTOTYPES = YES;
				CLANG_WARN_SUSPICIOUS_MOVE = YES;
				CLANG_WARN_UNGUARDED_AVAILABILITY = YES_AGGRESSIVE;
				CLANG_WARN_UNREACHABLE_CODE = YES;
				CLANG_WARN__DUPLICATE_METHOD_MATCH = YES;
				COPY_PHASE_STRIP = NO;
				CURRENT_PROJECT_VERSION = 1;
				DEBUG_INFORMATION_FORMAT = dwarf;
				ENABLE_STRICT_OBJC_MSGSEND = YES;
				ENABLE_TESTABILITY = YES;
				GCC_C_LANGUAGE_STANDARD = gnu11;
				GCC_DYNAMIC_NO_PIC = NO;
				GCC_NO_COMMON_BLOCKS = YES;
				GCC_OPTIMIZATION_LEVEL = 0;
				GCC_PREPROCESSOR_DEFINITIONS = (
					"DEBUG=1",
					"$(inherited)",
				);
				GCC_WARN_64_TO_32_BIT_CONVERSION = YES;
				GCC_WARN_ABOUT_RETURN_TYPE = YES_ERROR;
				GCC_WARN_UNDECLARED_SELECTOR = YES;
				GCC_WARN_UNINITIALIZED_AUTOS = YES_AGGRESSIVE;
				GCC_WARN_UNUSED_FUNCTION = YES;
				GCC_WARN_UNUSED_VARIABLE = YES;
				IPHONEOS_DEPLOYMENT_TARGET = 12.2;
				MTL_ENABLE_DEBUG_INFO = INCLUDE_SOURCE;
				MTL_FAST_MATH = YES;
				ONLY_ACTIVE_ARCH = YES;
				SDKROOT = iphoneos;
				SWIFT_ACTIVE_COMPILATION_CONDITIONS = DEBUG;
				SWIFT_OPTIMIZATION_LEVEL = "-Onone";
				VERSIONING_SYSTEM = "apple-generic";
				VERSION_INFO_PREFIX = "";
			};
			name = DebugF4SLive;
		};
		FC5336E52488D2F300DA3033 /* DebugF4SLive */ = {
			isa = XCBuildConfiguration;
			buildSettings = {
				CLANG_ENABLE_MODULES = YES;
				CODE_SIGN_STYLE = Automatic;
				DEFINES_MODULE = YES;
				DEVELOPMENT_TEAM = YB7C23CK6Q;
				DYLIB_COMPATIBILITY_VERSION = 1;
				DYLIB_CURRENT_VERSION = 1;
				DYLIB_INSTALL_NAME_BASE = "@rpath";
				INFOPLIST_FILE = WorkfinderVersionCheck/Info.plist;
				INSTALL_PATH = "$(LOCAL_LIBRARY_DIR)/Frameworks";
				LD_RUNPATH_SEARCH_PATHS = (
					"$(inherited)",
					"@executable_path/Frameworks",
					"@loader_path/Frameworks",
				);
				PRODUCT_BUNDLE_IDENTIFIER = com.workfinder.WorkfinderVersionCheck;
				PRODUCT_NAME = "$(TARGET_NAME:c99extidentifier)";
				SKIP_INSTALL = YES;
				SUPPORTS_MACCATALYST = NO;
				SWIFT_OPTIMIZATION_LEVEL = "-Onone";
				SWIFT_VERSION = 5.0;
				TARGETED_DEVICE_FAMILY = 1;
			};
			name = DebugF4SLive;
		};
		FC5336E62488D2F300DA3033 /* DebugF4SLive */ = {
			isa = XCBuildConfiguration;
			buildSettings = {
				ALWAYS_EMBED_SWIFT_STANDARD_LIBRARIES = YES;
				CLANG_ENABLE_MODULES = YES;
				CODE_SIGN_STYLE = Automatic;
				DEVELOPMENT_TEAM = YB7C23CK6Q;
				INFOPLIST_FILE = WorkfinderVersionCheckTests/Info.plist;
				LD_RUNPATH_SEARCH_PATHS = (
					"$(inherited)",
					"@executable_path/Frameworks",
					"@loader_path/Frameworks",
				);
				PRODUCT_BUNDLE_IDENTIFIER = com.workfinder.WorkfinderVersionCheckTests;
				PRODUCT_NAME = "$(TARGET_NAME)";
				SWIFT_OBJC_BRIDGING_HEADER = "WorkfinderVersionCheckTests/WorkfinderVersionCheckTests-Bridging-Header.h";
				SWIFT_OPTIMIZATION_LEVEL = "-Onone";
				SWIFT_VERSION = 5.0;
				TARGETED_DEVICE_FAMILY = "1,2";
			};
			name = DebugF4SLive;
		};
		FC5336E72488D2FE00DA3033 /* ReleaseF4S */ = {
			isa = XCBuildConfiguration;
			buildSettings = {
				ALWAYS_SEARCH_USER_PATHS = NO;
				CLANG_ANALYZER_NONNULL = YES;
				CLANG_ANALYZER_NUMBER_OBJECT_CONVERSION = YES_AGGRESSIVE;
				CLANG_CXX_LANGUAGE_STANDARD = "gnu++14";
				CLANG_CXX_LIBRARY = "libc++";
				CLANG_ENABLE_MODULES = YES;
				CLANG_ENABLE_OBJC_ARC = YES;
				CLANG_ENABLE_OBJC_WEAK = YES;
				CLANG_WARN_BLOCK_CAPTURE_AUTORELEASING = YES;
				CLANG_WARN_BOOL_CONVERSION = YES;
				CLANG_WARN_COMMA = YES;
				CLANG_WARN_CONSTANT_CONVERSION = YES;
				CLANG_WARN_DEPRECATED_OBJC_IMPLEMENTATIONS = YES;
				CLANG_WARN_DIRECT_OBJC_ISA_USAGE = YES_ERROR;
				CLANG_WARN_DOCUMENTATION_COMMENTS = YES;
				CLANG_WARN_EMPTY_BODY = YES;
				CLANG_WARN_ENUM_CONVERSION = YES;
				CLANG_WARN_INFINITE_RECURSION = YES;
				CLANG_WARN_INT_CONVERSION = YES;
				CLANG_WARN_NON_LITERAL_NULL_CONVERSION = YES;
				CLANG_WARN_OBJC_IMPLICIT_RETAIN_SELF = YES;
				CLANG_WARN_OBJC_LITERAL_CONVERSION = YES;
				CLANG_WARN_OBJC_ROOT_CLASS = YES_ERROR;
				CLANG_WARN_RANGE_LOOP_ANALYSIS = YES;
				CLANG_WARN_STRICT_PROTOTYPES = YES;
				CLANG_WARN_SUSPICIOUS_MOVE = YES;
				CLANG_WARN_UNGUARDED_AVAILABILITY = YES_AGGRESSIVE;
				CLANG_WARN_UNREACHABLE_CODE = YES;
				CLANG_WARN__DUPLICATE_METHOD_MATCH = YES;
				COPY_PHASE_STRIP = NO;
				CURRENT_PROJECT_VERSION = 1;
				DEBUG_INFORMATION_FORMAT = "dwarf-with-dsym";
				ENABLE_NS_ASSERTIONS = NO;
				ENABLE_STRICT_OBJC_MSGSEND = YES;
				GCC_C_LANGUAGE_STANDARD = gnu11;
				GCC_NO_COMMON_BLOCKS = YES;
				GCC_WARN_64_TO_32_BIT_CONVERSION = YES;
				GCC_WARN_ABOUT_RETURN_TYPE = YES_ERROR;
				GCC_WARN_UNDECLARED_SELECTOR = YES;
				GCC_WARN_UNINITIALIZED_AUTOS = YES_AGGRESSIVE;
				GCC_WARN_UNUSED_FUNCTION = YES;
				GCC_WARN_UNUSED_VARIABLE = YES;
				IPHONEOS_DEPLOYMENT_TARGET = 12.2;
				MTL_ENABLE_DEBUG_INFO = NO;
				MTL_FAST_MATH = YES;
				SDKROOT = iphoneos;
				SWIFT_COMPILATION_MODE = wholemodule;
				SWIFT_OPTIMIZATION_LEVEL = "-O";
				VALIDATE_PRODUCT = YES;
				VERSIONING_SYSTEM = "apple-generic";
				VERSION_INFO_PREFIX = "";
			};
			name = ReleaseF4S;
		};
		FC5336E82488D2FE00DA3033 /* ReleaseF4S */ = {
			isa = XCBuildConfiguration;
			buildSettings = {
				CLANG_ENABLE_MODULES = YES;
				CODE_SIGN_STYLE = Automatic;
				DEFINES_MODULE = YES;
				DEVELOPMENT_TEAM = YB7C23CK6Q;
				DYLIB_COMPATIBILITY_VERSION = 1;
				DYLIB_CURRENT_VERSION = 1;
				DYLIB_INSTALL_NAME_BASE = "@rpath";
				INFOPLIST_FILE = WorkfinderVersionCheck/Info.plist;
				INSTALL_PATH = "$(LOCAL_LIBRARY_DIR)/Frameworks";
				LD_RUNPATH_SEARCH_PATHS = (
					"$(inherited)",
					"@executable_path/Frameworks",
					"@loader_path/Frameworks",
				);
				PRODUCT_BUNDLE_IDENTIFIER = com.workfinder.WorkfinderVersionCheck;
				PRODUCT_NAME = "$(TARGET_NAME:c99extidentifier)";
				SKIP_INSTALL = YES;
				SUPPORTS_MACCATALYST = NO;
				SWIFT_VERSION = 5.0;
				TARGETED_DEVICE_FAMILY = 1;
			};
			name = ReleaseF4S;
		};
		FC5336E92488D2FE00DA3033 /* ReleaseF4S */ = {
			isa = XCBuildConfiguration;
			buildSettings = {
				ALWAYS_EMBED_SWIFT_STANDARD_LIBRARIES = YES;
				CLANG_ENABLE_MODULES = YES;
				CODE_SIGN_STYLE = Automatic;
				DEVELOPMENT_TEAM = YB7C23CK6Q;
				INFOPLIST_FILE = WorkfinderVersionCheckTests/Info.plist;
				LD_RUNPATH_SEARCH_PATHS = (
					"$(inherited)",
					"@executable_path/Frameworks",
					"@loader_path/Frameworks",
				);
				PRODUCT_BUNDLE_IDENTIFIER = com.workfinder.WorkfinderVersionCheckTests;
				PRODUCT_NAME = "$(TARGET_NAME)";
				SWIFT_OBJC_BRIDGING_HEADER = "WorkfinderVersionCheckTests/WorkfinderVersionCheckTests-Bridging-Header.h";
				SWIFT_VERSION = 5.0;
				TARGETED_DEVICE_FAMILY = "1,2";
			};
			name = ReleaseF4S;
		};
		FC5336EA2488D30D00DA3033 /* ReleaseF4SLive */ = {
			isa = XCBuildConfiguration;
			buildSettings = {
				ALWAYS_SEARCH_USER_PATHS = NO;
				CLANG_ANALYZER_NONNULL = YES;
				CLANG_ANALYZER_NUMBER_OBJECT_CONVERSION = YES_AGGRESSIVE;
				CLANG_CXX_LANGUAGE_STANDARD = "gnu++14";
				CLANG_CXX_LIBRARY = "libc++";
				CLANG_ENABLE_MODULES = YES;
				CLANG_ENABLE_OBJC_ARC = YES;
				CLANG_ENABLE_OBJC_WEAK = YES;
				CLANG_WARN_BLOCK_CAPTURE_AUTORELEASING = YES;
				CLANG_WARN_BOOL_CONVERSION = YES;
				CLANG_WARN_COMMA = YES;
				CLANG_WARN_CONSTANT_CONVERSION = YES;
				CLANG_WARN_DEPRECATED_OBJC_IMPLEMENTATIONS = YES;
				CLANG_WARN_DIRECT_OBJC_ISA_USAGE = YES_ERROR;
				CLANG_WARN_DOCUMENTATION_COMMENTS = YES;
				CLANG_WARN_EMPTY_BODY = YES;
				CLANG_WARN_ENUM_CONVERSION = YES;
				CLANG_WARN_INFINITE_RECURSION = YES;
				CLANG_WARN_INT_CONVERSION = YES;
				CLANG_WARN_NON_LITERAL_NULL_CONVERSION = YES;
				CLANG_WARN_OBJC_IMPLICIT_RETAIN_SELF = YES;
				CLANG_WARN_OBJC_LITERAL_CONVERSION = YES;
				CLANG_WARN_OBJC_ROOT_CLASS = YES_ERROR;
				CLANG_WARN_RANGE_LOOP_ANALYSIS = YES;
				CLANG_WARN_STRICT_PROTOTYPES = YES;
				CLANG_WARN_SUSPICIOUS_MOVE = YES;
				CLANG_WARN_UNGUARDED_AVAILABILITY = YES_AGGRESSIVE;
				CLANG_WARN_UNREACHABLE_CODE = YES;
				CLANG_WARN__DUPLICATE_METHOD_MATCH = YES;
				COPY_PHASE_STRIP = NO;
				CURRENT_PROJECT_VERSION = 1;
				DEBUG_INFORMATION_FORMAT = "dwarf-with-dsym";
				ENABLE_NS_ASSERTIONS = NO;
				ENABLE_STRICT_OBJC_MSGSEND = YES;
				GCC_C_LANGUAGE_STANDARD = gnu11;
				GCC_NO_COMMON_BLOCKS = YES;
				GCC_WARN_64_TO_32_BIT_CONVERSION = YES;
				GCC_WARN_ABOUT_RETURN_TYPE = YES_ERROR;
				GCC_WARN_UNDECLARED_SELECTOR = YES;
				GCC_WARN_UNINITIALIZED_AUTOS = YES_AGGRESSIVE;
				GCC_WARN_UNUSED_FUNCTION = YES;
				GCC_WARN_UNUSED_VARIABLE = YES;
				IPHONEOS_DEPLOYMENT_TARGET = 12.2;
				MTL_ENABLE_DEBUG_INFO = NO;
				MTL_FAST_MATH = YES;
				SDKROOT = iphoneos;
				SWIFT_COMPILATION_MODE = wholemodule;
				SWIFT_OPTIMIZATION_LEVEL = "-O";
				VALIDATE_PRODUCT = YES;
				VERSIONING_SYSTEM = "apple-generic";
				VERSION_INFO_PREFIX = "";
			};
			name = ReleaseF4SLive;
		};
		FC5336EB2488D30D00DA3033 /* ReleaseF4SLive */ = {
			isa = XCBuildConfiguration;
			buildSettings = {
				CLANG_ENABLE_MODULES = YES;
				CODE_SIGN_STYLE = Automatic;
				DEFINES_MODULE = YES;
				DEVELOPMENT_TEAM = YB7C23CK6Q;
				DYLIB_COMPATIBILITY_VERSION = 1;
				DYLIB_CURRENT_VERSION = 1;
				DYLIB_INSTALL_NAME_BASE = "@rpath";
				INFOPLIST_FILE = WorkfinderVersionCheck/Info.plist;
				INSTALL_PATH = "$(LOCAL_LIBRARY_DIR)/Frameworks";
				LD_RUNPATH_SEARCH_PATHS = (
					"$(inherited)",
					"@executable_path/Frameworks",
					"@loader_path/Frameworks",
				);
				PRODUCT_BUNDLE_IDENTIFIER = com.workfinder.WorkfinderVersionCheck;
				PRODUCT_NAME = "$(TARGET_NAME:c99extidentifier)";
				SKIP_INSTALL = YES;
				SUPPORTS_MACCATALYST = NO;
				SWIFT_VERSION = 5.0;
				TARGETED_DEVICE_FAMILY = 1;
			};
			name = ReleaseF4SLive;
		};
		FC5336EC2488D30D00DA3033 /* ReleaseF4SLive */ = {
			isa = XCBuildConfiguration;
			buildSettings = {
				ALWAYS_EMBED_SWIFT_STANDARD_LIBRARIES = YES;
				CLANG_ENABLE_MODULES = YES;
				CODE_SIGN_STYLE = Automatic;
				DEVELOPMENT_TEAM = YB7C23CK6Q;
				INFOPLIST_FILE = WorkfinderVersionCheckTests/Info.plist;
				LD_RUNPATH_SEARCH_PATHS = (
					"$(inherited)",
					"@executable_path/Frameworks",
					"@loader_path/Frameworks",
				);
				PRODUCT_BUNDLE_IDENTIFIER = com.workfinder.WorkfinderVersionCheckTests;
				PRODUCT_NAME = "$(TARGET_NAME)";
				SWIFT_OBJC_BRIDGING_HEADER = "WorkfinderVersionCheckTests/WorkfinderVersionCheckTests-Bridging-Header.h";
				SWIFT_VERSION = 5.0;
				TARGETED_DEVICE_FAMILY = "1,2";
			};
			name = ReleaseF4SLive;
		};
/* End XCBuildConfiguration section */

/* Begin XCConfigurationList section */
		FC5336A32488D0C900DA3033 /* Build configuration list for PBXProject "WorkfinderVersionCheck" */ = {
			isa = XCConfigurationList;
			buildConfigurations = (
				FC5336BB2488D0C900DA3033 /* Debug */,
				FC5336E12488D2E100DA3033 /* DebugF4S */,
				FC5336E42488D2F300DA3033 /* DebugF4SLive */,
				FC5336BC2488D0C900DA3033 /* Release */,
				FC5336E72488D2FE00DA3033 /* ReleaseF4S */,
				FC5336EA2488D30D00DA3033 /* ReleaseF4SLive */,
			);
			defaultConfigurationIsVisible = 0;
			defaultConfigurationName = Release;
		};
		FC5336BD2488D0C900DA3033 /* Build configuration list for PBXNativeTarget "WorkfinderVersionCheck" */ = {
			isa = XCConfigurationList;
			buildConfigurations = (
				FC5336BE2488D0C900DA3033 /* Debug */,
				FC5336E22488D2E100DA3033 /* DebugF4S */,
				FC5336E52488D2F300DA3033 /* DebugF4SLive */,
				FC5336BF2488D0C900DA3033 /* Release */,
				FC5336E82488D2FE00DA3033 /* ReleaseF4S */,
				FC5336EB2488D30D00DA3033 /* ReleaseF4SLive */,
			);
			defaultConfigurationIsVisible = 0;
			defaultConfigurationName = Release;
		};
		FC5336C02488D0C900DA3033 /* Build configuration list for PBXNativeTarget "WorkfinderVersionCheckTests" */ = {
			isa = XCConfigurationList;
			buildConfigurations = (
				FC5336C12488D0C900DA3033 /* Debug */,
				FC5336E32488D2E100DA3033 /* DebugF4S */,
				FC5336E62488D2F300DA3033 /* DebugF4SLive */,
				FC5336C22488D0C900DA3033 /* Release */,
				FC5336E92488D2FE00DA3033 /* ReleaseF4S */,
				FC5336EC2488D30D00DA3033 /* ReleaseF4SLive */,
			);
			defaultConfigurationIsVisible = 0;
			defaultConfigurationName = Release;
		};
/* End XCConfigurationList section */
	};
	rootObject = FC5336A02488D0C900DA3033 /* Project object */;
}
