<?xml version="1.0" encoding="UTF-8"?>
<Scheme
   LastUpgradeVersion = "1230"
   version = "1.7">
   <BuildAction
      parallelizeBuildables = "YES"
      buildImplicitDependencies = "YES">
      <BuildActionEntries>
         <BuildActionEntry
            buildForTesting = "YES"
            buildForRunning = "YES"
            buildForProfiling = "YES"
            buildForArchiving = "YES"
            buildForAnalyzing = "YES">
            <BuildableReference
               BuildableIdentifier = "primary"
               BlueprintIdentifier = "40E78E121DD31A86000A3776"
               BuildableName = "Workfinder.app"
               BlueprintName = "f4s-workexperience"
               ReferencedContainer = "container:f4s-workexperience.xcodeproj">
            </BuildableReference>
         </BuildActionEntry>
         <BuildActionEntry
            buildForTesting = "YES"
            buildForRunning = "NO"
            buildForProfiling = "NO"
            buildForArchiving = "NO"
            buildForAnalyzing = "NO">
            <BuildableReference
               BuildableIdentifier = "primary"
               BlueprintIdentifier = "FC632FBE24B4792A00C1499B"
               BuildableName = "KSGeometryTests.xctest"
               BlueprintName = "KSGeometryTests"
               ReferencedContainer = "container:KSGeometry/KSGeometry.xcodeproj">
            </BuildableReference>
         </BuildActionEntry>
         <BuildActionEntry
            buildForTesting = "YES"
            buildForRunning = "NO"
            buildForProfiling = "NO"
            buildForArchiving = "NO"
            buildForAnalyzing = "NO">
            <BuildableReference
               BuildableIdentifier = "primary"
               BlueprintIdentifier = "FC632FFC24B482AD00C1499B"
               BuildableName = "KSQuadTreeTests.xctest"
               BlueprintName = "KSQuadTreeTests"
               ReferencedContainer = "container:KSQuadTree/KSQuadTree.xcodeproj">
            </BuildableReference>
         </BuildActionEntry>
      </BuildActionEntries>
   </BuildAction>
   <TestAction
      buildConfiguration = "DebugDevelop"
      selectedDebuggerIdentifier = "Xcode.DebuggerFoundation.Debugger.LLDB"
      selectedLauncherIdentifier = "Xcode.DebuggerFoundation.Launcher.LLDB"
      shouldUseLaunchSchemeArgsEnv = "NO"
      codeCoverageEnabled = "YES">
      <MacroExpansion>
         <BuildableReference
            BuildableIdentifier = "primary"
            BlueprintIdentifier = "40E78E121DD31A86000A3776"
            BuildableName = "Workfinder.app"
            BlueprintName = "f4s-workexperience"
            ReferencedContainer = "container:f4s-workexperience.xcodeproj">
         </BuildableReference>
      </MacroExpansion>
      <CommandLineArguments>
         <CommandLineArgument
            argument = "isUnitTesting"
            isEnabled = "YES">
         </CommandLineArgument>
      </CommandLineArguments>
      <CodeCoverageTargets>
         <BuildableReference
            BuildableIdentifier = "primary"
            BlueprintIdentifier = "40E78E121DD31A86000A3776"
            BuildableName = "Workfinder.app"
            BlueprintName = "f4s-workexperience"
            ReferencedContainer = "container:f4s-workexperience.xcodeproj">
         </BuildableReference>
         <BuildableReference
            BuildableIdentifier = "primary"
            BlueprintIdentifier = "FCD6F9CC22E31591003F7C34"
            BuildableName = "WorkfinderAppLogic.framework"
            BlueprintName = "WorkfinderAppLogic"
            ReferencedContainer = "container:WorkfinderAppLogic/WorkfinderAppLogic.xcodeproj">
         </BuildableReference>
         <BuildableReference
            BuildableIdentifier = "primary"
            BlueprintIdentifier = "FCF5AF0F2248BDCC00D9B8D1"
            BuildableName = "WorkfinderApplyUseCase.framework"
            BlueprintName = "WorkfinderApplyUseCase"
            ReferencedContainer = "container:WorkfinderModules/WorkfinderApplyUseCase/WorkfinderApplyUseCase.xcodeproj">
         </BuildableReference>
         <BuildableReference
            BuildableIdentifier = "primary"
            BlueprintIdentifier = "FCA91E6A2234043D007ED308"
            BuildableName = "WorkfinderCommon.framework"
            BlueprintName = "WorkfinderCommon"
            ReferencedContainer = "container:WorkfinderModules/WorkfinderCommon/WorkfinderCommon.xcodeproj">
         </BuildableReference>
         <BuildableReference
            BuildableIdentifier = "primary"
            BlueprintIdentifier = "FCA91E312233FF20007ED308"
            BuildableName = "WorkfinderNetworking.framework"
            BlueprintName = "WorkfinderNetworking"
            ReferencedContainer = "container:WorkfinderModules/WorkfinderNetworking/WorkfinderNetworking.xcodeproj">
         </BuildableReference>
         <BuildableReference
            BuildableIdentifier = "primary"
            BlueprintIdentifier = "FC02D9E722EC70FD003C8148"
            BuildableName = "WorkfinderServices.framework"
            BlueprintName = "WorkfinderServices"
            ReferencedContainer = "container:WorkfinderServices/WorkfinderServices.xcodeproj">
         </BuildableReference>
         <BuildableReference
            BuildableIdentifier = "primary"
            BlueprintIdentifier = "FCA91EA12234065A007ED308"
            BuildableName = "WorkfinderUI.framework"
            BlueprintName = "WorkfinderUI"
            ReferencedContainer = "container:WorkfinderModules/WorkfinderUI/WorkfinderUI.xcodeproj">
         </BuildableReference>
         <BuildableReference
            BuildableIdentifier = "primary"
            BlueprintIdentifier = "FC93DB9A231F888C00F1CE23"
            BuildableName = "WorkfinderCoordinators.framework"
            BlueprintName = "WorkfinderCoordinators"
            ReferencedContainer = "container:WorkfinderCoordinators/WorkfinderCoordinators.xcodeproj">
         </BuildableReference>
         <BuildableReference
            BuildableIdentifier = "primary"
            BlueprintIdentifier = "FC93DBF0231FB92D00F1CE23"
            BuildableName = "WorkfinderUserDetailsUseCase.framework"
            BlueprintName = "WorkfinderUserDetailsUseCase"
            ReferencedContainer = "container:WorkfinderUserDetailsUseCase/WorkfinderUserDetailsUseCase.xcodeproj">
         </BuildableReference>
         <BuildableReference
            BuildableIdentifier = "primary"
            BlueprintIdentifier = "FCC1DEF3232501ED0074D5C1"
            BuildableName = "WorkfinderCompanyDetailsUseCase.framework"
            BlueprintName = "WorkfinderCompanyDetailsUseCase"
            ReferencedContainer = "container:WorkfinderCompanyDetailsUseCase/WorkfinderCompanyDetailsUseCase.xcodeproj">
         </BuildableReference>
         <BuildableReference
            BuildableIdentifier = "primary"
            BlueprintIdentifier = "FCF4B60F232BC090001340DF"
            BuildableName = "WorkfinderOnboardingUseCase.framework"
            BlueprintName = "WorkfinderOnboardingUseCase"
            ReferencedContainer = "container:WorkfinderOnboardingUseCase/WorkfinderOnboardingUseCase.xcodeproj">
         </BuildableReference>
         <BuildableReference
            BuildableIdentifier = "primary"
            BlueprintIdentifier = "FC229A692326C50200F7B5CD"
            BuildableName = "WorkfinderDocumentUploadUseCase.framework"
            BlueprintName = "WorkfinderDocumentUploadUseCase"
            ReferencedContainer = "container:WorkfinderDocumentUploadUseCase/WorkfinderDocumentUploadUseCase.xcodeproj">
         </BuildableReference>
         <BuildableReference
            BuildableIdentifier = "primary"
            BlueprintIdentifier = "FC5336A82488D0C900DA3033"
            BuildableName = "WorkfinderVersionCheck.framework"
            BlueprintName = "WorkfinderVersionCheck"
            ReferencedContainer = "container:WorkfinderVersionCheck/WorkfinderVersionCheck.xcodeproj">
         </BuildableReference>
         <BuildableReference
            BuildableIdentifier = "primary"
            BlueprintIdentifier = "FC2A64A02494D4E600DA28DD"
            BuildableName = "WorkfinderViewRecommendation.framework"
            BlueprintName = "WorkfinderViewRecommendation"
            ReferencedContainer = "container:WorkfinderViewRecommendation/WorkfinderViewRecommendation.xcodeproj">
         </BuildableReference>
         <BuildableReference
            BuildableIdentifier = "primary"
            BlueprintIdentifier = "FC06A18124641ACA0023DE99"
            BuildableName = "WorkfinderApplications.framework"
            BlueprintName = "WorkfinderApplications"
            ReferencedContainer = "container:WorkfinderApplications/WorkfinderApplications.xcodeproj">
         </BuildableReference>
      </CodeCoverageTargets>
      <Testables>
         <TestableReference
            skipped = "NO"
            parallelizable = "YES"
            testExecutionOrdering = "random">
            <BuildableReference
               BuildableIdentifier = "primary"
               BlueprintIdentifier = "FCFBD0052250D69700A9361D"
               BuildableName = "f4s-workexperienceTests.xctest"
               BlueprintName = "f4s-workexperienceTests"
               ReferencedContainer = "container:f4s-workexperience.xcodeproj">
            </BuildableReference>
         </TestableReference>
         <TestableReference
            skipped = "NO"
            parallelizable = "YES"
            testExecutionOrdering = "random">
            <BuildableReference
               BuildableIdentifier = "primary"
               BlueprintIdentifier = "FCA91E732234043D007ED308"
               BuildableName = "WorkfinderCommonTests.xctest"
               BlueprintName = "WorkfinderCommonTests"
               ReferencedContainer = "container:WorkfinderModules/WorkfinderCommon/WorkfinderCommon.xcodeproj">
            </BuildableReference>
         </TestableReference>
         <TestableReference
            skipped = "NO"
            parallelizable = "YES"
            testExecutionOrdering = "random">
            <BuildableReference
               BuildableIdentifier = "primary"
               BlueprintIdentifier = "FCA91E3A2233FF20007ED308"
               BuildableName = "WorkfinderNetworkingTests.xctest"
               BlueprintName = "WorkfinderNetworkingTests"
               ReferencedContainer = "container:WorkfinderModules/WorkfinderNetworking/WorkfinderNetworking.xcodeproj">
            </BuildableReference>
         </TestableReference>
         <TestableReference
            skipped = "NO"
            parallelizable = "YES"
            testExecutionOrdering = "random">
            <BuildableReference
               BuildableIdentifier = "primary"
               BlueprintIdentifier = "FCA91EAA2234065A007ED308"
               BuildableName = "WorkfinderUITests.xctest"
               BlueprintName = "WorkfinderUITests"
               ReferencedContainer = "container:WorkfinderModules/WorkfinderUI/WorkfinderUI.xcodeproj">
            </BuildableReference>
         </TestableReference>
         <TestableReference
            skipped = "NO"
            parallelizable = "YES"
            testExecutionOrdering = "random">
            <BuildableReference
               BuildableIdentifier = "primary"
               BlueprintIdentifier = "FC6E3D272248D74A00377736"
               BuildableName = "WorkfinderApplyUseCaseTests.xctest"
               BlueprintName = "WorkfinderApplyUseCaseTests"
               ReferencedContainer = "container:WorkfinderModules/WorkfinderApplyUseCase/WorkfinderApplyUseCase.xcodeproj">
            </BuildableReference>
         </TestableReference>
         <TestableReference
            skipped = "NO"
            parallelizable = "YES"
            testExecutionOrdering = "random">
            <BuildableReference
               BuildableIdentifier = "primary"
               BlueprintIdentifier = "FCD6F9D522E31591003F7C34"
               BuildableName = "WorkfinderAppLogicTests.xctest"
               BlueprintName = "WorkfinderAppLogicTests"
               ReferencedContainer = "container:WorkfinderAppLogic/WorkfinderAppLogic.xcodeproj">
            </BuildableReference>
         </TestableReference>
         <TestableReference
            skipped = "NO"
            parallelizable = "YES"
            testExecutionOrdering = "random">
            <BuildableReference
               BuildableIdentifier = "primary"
               BlueprintIdentifier = "FCCAAEBB249B41F500EA13BD"
               BuildableName = "WorkfinderServicesTests.xctest"
               BlueprintName = "WorkfinderServicesTests"
               ReferencedContainer = "container:WorkfinderServices/WorkfinderServices.xcodeproj">
            </BuildableReference>
         </TestableReference>
         <TestableReference
            skipped = "NO"
            parallelizable = "YES"
            testExecutionOrdering = "random">
            <BuildableReference
               BuildableIdentifier = "primary"
               BlueprintIdentifier = "FCC1DEFC232501ED0074D5C1"
               BuildableName = "WorkfinderCompanyDetailsUseCaseTests.xctest"
               BlueprintName = "WorkfinderCompanyDetailsUseCaseTests"
               ReferencedContainer = "container:WorkfinderCompanyDetailsUseCase/WorkfinderCompanyDetailsUseCase.xcodeproj">
            </BuildableReference>
         </TestableReference>
         <TestableReference
            skipped = "NO"
            parallelizable = "YES"
            testExecutionOrdering = "random">
            <BuildableReference
               BuildableIdentifier = "primary"
               BlueprintIdentifier = "FC93DBA3231F888C00F1CE23"
               BuildableName = "WorkfinderCoordinatorsTests.xctest"
               BlueprintName = "WorkfinderCoordinatorsTests"
               ReferencedContainer = "container:WorkfinderCoordinators/WorkfinderCoordinators.xcodeproj">
            </BuildableReference>
         </TestableReference>
         <TestableReference
            skipped = "NO"
            parallelizable = "YES"
            testExecutionOrdering = "random">
            <BuildableReference
               BuildableIdentifier = "primary"
               BlueprintIdentifier = "FCF4B618232BC090001340DF"
               BuildableName = "WorkfinderOnboardingUseCaseTests.xctest"
               BlueprintName = "WorkfinderOnboardingUseCaseTests"
               ReferencedContainer = "container:WorkfinderOnboardingUseCase/WorkfinderOnboardingUseCase.xcodeproj">
            </BuildableReference>
         </TestableReference>
         <TestableReference
            skipped = "NO"
            parallelizable = "YES"
            testExecutionOrdering = "random">
            <BuildableReference
               BuildableIdentifier = "primary"
               BlueprintIdentifier = "FC93DBF9231FB92D00F1CE23"
               BuildableName = "WorkfinderUserDetailsUseCaseTests.xctest"
               BlueprintName = "WorkfinderUserDetailsUseCaseTests"
               ReferencedContainer = "container:WorkfinderUserDetailsUseCase/WorkfinderUserDetailsUseCase.xcodeproj">
            </BuildableReference>
         </TestableReference>
         <TestableReference
            skipped = "NO"
            parallelizable = "YES"
            testExecutionOrdering = "random">
            <BuildableReference
               BuildableIdentifier = "primary"
               BlueprintIdentifier = "FCA13FD024BC7F060009C30F"
               BuildableName = "WorkfinderProjectApplyTests.xctest"
               BlueprintName = "WorkfinderProjectApplyTests"
               ReferencedContainer = "container:WorkfinderProjectApply/WorkfinderProjectApply.xcodeproj">
            </BuildableReference>
         </TestableReference>
         <TestableReference
            skipped = "NO"
            parallelizable = "YES"
            testExecutionOrdering = "random">
            <BuildableReference
               BuildableIdentifier = "primary"
               BlueprintIdentifier = "FC9B332124BEB47100C075CE"
               BuildableName = "WorkfinderCoverLetterTests.xctest"
               BlueprintName = "WorkfinderCoverLetterTests"
               ReferencedContainer = "container:WorkfinderCoverLetter/WorkfinderCoverLetter.xcodeproj">
            </BuildableReference>
         </TestableReference>
      </Testables>
   </TestAction>
   <LaunchAction
      buildConfiguration = "DebugDevelop"
      selectedDebuggerIdentifier = "Xcode.DebuggerFoundation.Debugger.LLDB"
      selectedLauncherIdentifier = "Xcode.DebuggerFoundation.Launcher.LLDB"
      launchStyle = "0"
      useCustomWorkingDirectory = "NO"
      ignoresPersistentStateOnLaunch = "NO"
      debugDocumentVersioning = "YES"
      debugServiceExtension = "internal"
      allowLocationSimulation = "YES">
      <BuildableProductRunnable
         runnableDebuggingMode = "0">
         <BuildableReference
            BuildableIdentifier = "primary"
            BlueprintIdentifier = "40E78E121DD31A86000A3776"
            BuildableName = "Workfinder.app"
            BlueprintName = "f4s-workexperience"
            ReferencedContainer = "container:f4s-workexperience.xcodeproj">
         </BuildableReference>
      </BuildableProductRunnable>
      <LocationScenarioReference
         identifier = "London, England"
         referenceType = "1">
      </LocationScenarioReference>
   </LaunchAction>
   <ProfileAction
      buildConfiguration = "DebugDevelop"
      shouldUseLaunchSchemeArgsEnv = "YES"
      savedToolIdentifier = ""
      useCustomWorkingDirectory = "NO"
      debugDocumentVersioning = "YES">
      <BuildableProductRunnable
         runnableDebuggingMode = "0">
         <BuildableReference
            BuildableIdentifier = "primary"
            BlueprintIdentifier = "40E78E121DD31A86000A3776"
            BuildableName = "Workfinder.app"
            BlueprintName = "f4s-workexperience"
            ReferencedContainer = "container:f4s-workexperience.xcodeproj">
         </BuildableReference>
      </BuildableProductRunnable>
   </ProfileAction>
   <AnalyzeAction
      buildConfiguration = "DebugDevelop">
   </AnalyzeAction>
   <ArchiveAction
      buildConfiguration = "DebugDevelop"
      revealArchiveInOrganizer = "YES">
   </ArchiveAction>
</Scheme>
